
Microsoft Visual Studio Solution File, Format Version 11.00
# Visual Studio 2010
Project("{FAE04EC0-301F-11D3-BF4B-00C04F79EFBC}") = "Templater", "Templater\Templater.csproj", "{2648017D-9DC2-41B2-A464-E91D9E5B3507}"
EndProject
Project("{FAE04EC0-301F-11D3-BF4B-00C04F79EFBC}") = "Crawler", "Crawler\Crawler.csproj", "{C01F53AD-5DEF-43C0-9578-ED4B001D6336}"
EndProject
Global
	GlobalSection(SolutionConfigurationPlatforms) = preSolution
		Debug|Any CPU = Debug|Any CPU
		Debug|Mixed Platforms = Debug|Mixed Platforms
		Debug|x86 = Debug|x86
		Release|Any CPU = Release|Any CPU
		Release|Mixed Platforms = Release|Mixed Platforms
		Release|x86 = Release|x86
	EndGlobalSection
	GlobalSection(ProjectConfigurationPlatforms) = postSolution
		{2648017D-9DC2-41B2-A464-E91D9E5B3507}.Debug|Any CPU.ActiveCfg = Debug|Any CPU
		{2648017D-9DC2-41B2-A464-E91D9E5B3507}.Debug|Any CPU.Build.0 = Debug|Any CPU
		{2648017D-9DC2-41B2-A464-E91D9E5B3507}.Debug|Mixed Platforms.ActiveCfg = Debug|Any CPU
		{2648017D-9DC2-41B2-A464-E91D9E5B3507}.Debug|Mixed Platforms.Build.0 = Debug|Any CPU
		{2648017D-9DC2-41B2-A464-E91D9E5B3507}.Debug|x86.ActiveCfg = Debug|Any CPU
		{2648017D-9DC2-41B2-A464-E91D9E5B3507}.Release|Any CPU.ActiveCfg = Release|Any CPU
		{2648017D-9DC2-41B2-A464-E91D9E5B3507}.Release|Any CPU.Build.0 = Release|Any CPU
		{2648017D-9DC2-41B2-A464-E91D9E5B3507}.Release|Mixed Platforms.ActiveCfg = Release|Any CPU
		{2648017D-9DC2-41B2-A464-E91D9E5B3507}.Release|Mixed Platforms.Build.0 = Release|Any CPU
		{2648017D-9DC2-41B2-A464-E91D9E5B3507}.Release|x86.ActiveCfg = Release|Any CPU
		{C01F53AD-5DEF-43C0-9578-ED4B001D6336}.Debug|Any CPU.ActiveCfg = Debug|x86
		{C01F53AD-5DEF-43C0-9578-ED4B001D6336}.Debug|Mixed Platforms.ActiveCfg = Debug|x86
		{C01F53AD-5DEF-43C0-9578-ED4B001D6336}.Debug|Mixed Platforms.Build.0 = Debug|x86
		{C01F53AD-5DEF-43C0-9578-ED4B001D6336}.Debug|x86.ActiveCfg = Debug|x86
		{C01F53AD-5DEF-43C0-9578-ED4B001D6336}.Debug|x86.Build.0 = Debug|x86
		{C01F53AD-5DEF-43C0-9578-ED4B001D6336}.Release|Any CPU.ActiveCfg = Release|x86
		{C01F53AD-5DEF-43C0-9578-ED4B001D6336}.Release|Mixed Platforms.ActiveCfg = Release|x86
		{C01F53AD-5DEF-43C0-9578-ED4B001D6336}.Release|Mixed Platforms.Build.0 = Release|x86
		{C01F53AD-5DEF-43C0-9578-ED4B001D6336}.Release|x86.ActiveCfg = Release|x86
		{C01F53AD-5DEF-43C0-9578-ED4B001D6336}.Release|x86.Build.0 = Release|x86
	EndGlobalSection
	GlobalSection(SolutionProperties) = preSolution
		HideSolutionNode = FALSE
	EndGlobalSection
EndGlobal
